
Microsoft Visual Studio Solution File, Format Version 12.00
# Visual Studio Version 16
VisualStudioVersion = 16.0.29911.84
MinimumVisualStudioVersion = 10.0.40219.1
Project("{9A19103F-16F7-4668-BE54-9A1E7A4F7556}") = "AkalonZeus", "AkalonZeus\AkalonZeus.csproj", "{F54EFBCA-686B-44E3-BB36-2B421414419A}"
EndProject
Project("{9A19103F-16F7-4668-BE54-9A1E7A4F7556}") = "ZeusHelper", "ZeusHelper\ZeusHelper.csproj", "{024E917F-13B7-47C9-8483-DCACD06BD40F}"
EndProject
Global
	GlobalSection(SolutionConfigurationPlatforms) = preSolution
		Debug|Any CPU = Debug|Any CPU
		Release|Any CPU = Release|Any CPU
	EndGlobalSection
	GlobalSection(ProjectConfigurationPlatforms) = postSolution
		{F54EFBCA-686B-44E3-BB36-2B421414419A}.Debug|Any CPU.ActiveCfg = Debug|Any CPU
		{F54EFBCA-686B-44E3-BB36-2B421414419A}.Debug|Any CPU.Build.0 = Debug|Any CPU
		{F54EFBCA-686B-44E3-BB36-2B421414419A}.Release|Any CPU.ActiveCfg = Release|Any CPU
		{F54EFBCA-686B-44E3-BB36-2B421414419A}.Release|Any CPU.Build.0 = Release|Any CPU
		{024E917F-13B7-47C9-8483-DCACD06BD40F}.Debug|Any CPU.ActiveCfg = Debug|Any CPU
		{024E917F-13B7-47C9-8483-DCACD06BD40F}.Debug|Any CPU.Build.0 = Debug|Any CPU
		{024E917F-13B7-47C9-8483-DCACD06BD40F}.Release|Any CPU.ActiveCfg = Release|Any CPU
		{024E917F-13B7-47C9-8483-DCACD06BD40F}.Release|Any CPU.Build.0 = Release|Any CPU
	EndGlobalSection
	GlobalSection(SolutionProperties) = preSolution
		HideSolutionNode = FALSE
	EndGlobalSection
	GlobalSection(ExtensibilityGlobals) = postSolution
		SolutionGuid = {18255DFD-EC37-4BA7-B524-94B80B635258}
	EndGlobalSection
EndGlobal
